{
    "easycorp/easyadmin-bundle": {
        "version": "2.0",
        "recipe": {
            "repo": "github.com/symfony/recipes",
            "branch": "master",
            "version": "2.0",
            "ref": "0a51040a43c6f2172a3a0135cd15daf2043905d7"
        },
        "files": [
            "./config/packages/easy_admin.yaml",
            "./config/routes/easy_admin.yaml"
        ]
    },
    "egulias/email-validator": {
        "version": "2.1.17"
    },
    "jms/metadata": {
        "version": "2.1.0"
    },
    "pagerfanta/pagerfanta": {
        "version": "v2.1.3"
    },
    "php": {
        "version": "7.2"
    },
    "swiftmailer/swiftmailer": {
        "version": "v6.2.3"
    },
    "symfony/expression-language": {
        "version": "v4.4.4"
    },
    "symfony/form": {
        "version": "v4.4.4"
    },
    "symfony/intl": {
        "version": "v4.4.4"
    },
    "symfony/options-resolver": {
        "version": "v4.4.4"
    },
    "symfony/polyfill-intl-grapheme": {
        "version": "v1.14.0"
    },
    "symfony/polyfill-intl-icu": {
        "version": "v1.14.0"
    },
    "symfony/polyfill-intl-normalizer": {
        "version": "v1.14.0"
    },
    "symfony/string": {
        "version": "v5.0.4"
    },
    "symfony/swiftmailer-bundle": {
        "version": "2.5",
        "recipe": {
            "repo": "github.com/symfony/recipes",
            "branch": "master",
            "version": "2.5",
            "ref": "ae4d22af30bbd484506bc1817c5a3ef72c855b93"
        },
        "files": [
            "./config/packages/dev/swiftmailer.yaml",
            "./config/packages/swiftmailer.yaml",
            "./config/packages/test/swiftmailer.yaml"
        ]
    },
    "symfony/translation": {
        "version": "3.3",
        "recipe": {
            "repo": "github.com/symfony/recipes",
            "branch": "master",
            "version": "3.3",
            "ref": "2ad9d2545bce8ca1a863e50e92141f0b9d87ffcd"
        },
        "files": [
            "./config/packages/translation.yaml",
            "./translations/.gitignore"
        ]
    },
    "vich/uploader-bundle": {
        "version": "1.5",
        "recipe": {
            "repo": "github.com/symfony/recipes-contrib",
            "branch": "master",
            "version": "1.5",
            "ref": "c4f5755b37fb65b9c6a3cbdae91205c15a137ed4"
        },
        "files": [
            "./config/packages/vich_uploader.yaml"
        ]
    }
}
